
Microsoft Visual Studio Solution File, Format Version 12.00
# Visual Studio 15
VisualStudioVersion = 15.0.27703.2035
MinimumVisualStudioVersion = 10.0.40219.1
Project("{FAE04EC0-301F-11D3-BF4B-00C04F79EFBC}") = "GeodeSample", "GeodeSample\GeodeSample.csproj", "{268CE635-6D64-4366-AE8A-0C4336AE3008}"
EndProject
Project("{FAE04EC0-301F-11D3-BF4B-00C04F79EFBC}") = "GeodeSampleTest", "GeodeSampleTest\GeodeSampleTest.csproj", "{1CF5AF2B-776E-408D-8BD8-B9D5766084F6}"
EndProject
Global
	GlobalSection(SolutionConfigurationPlatforms) = preSolution
		Debug|Any CPU = Debug|Any CPU
		Release|Any CPU = Release|Any CPU
	EndGlobalSection
	GlobalSection(ProjectConfigurationPlatforms) = postSolution
		{268CE635-6D64-4366-AE8A-0C4336AE3008}.Debug|Any CPU.ActiveCfg = Debug|Any CPU
		{268CE635-6D64-4366-AE8A-0C4336AE3008}.Debug|Any CPU.Build.0 = Debug|Any CPU
		{268CE635-6D64-4366-AE8A-0C4336AE3008}.Release|Any CPU.ActiveCfg = Release|Any CPU
		{268CE635-6D64-4366-AE8A-0C4336AE3008}.Release|Any CPU.Build.0 = Release|Any CPU
		{1CF5AF2B-776E-408D-8BD8-B9D5766084F6}.Debug|Any CPU.ActiveCfg = Debug|Any CPU
		{1CF5AF2B-776E-408D-8BD8-B9D5766084F6}.Debug|Any CPU.Build.0 = Debug|Any CPU
		{1CF5AF2B-776E-408D-8BD8-B9D5766084F6}.Release|Any CPU.ActiveCfg = Release|Any CPU
		{1CF5AF2B-776E-408D-8BD8-B9D5766084F6}.Release|Any CPU.Build.0 = Release|Any CPU
	EndGlobalSection
	GlobalSection(SolutionProperties) = preSolution
		HideSolutionNode = FALSE
	EndGlobalSection
	GlobalSection(ExtensibilityGlobals) = postSolution
		SolutionGuid = {2923E440-AE66-40C4-9F35-2E800FAECB9D}
	EndGlobalSection
EndGlobal
